lockfile_version: '1'
generated_at: '2026-05-28T19:35:49.534620+00:00'
apm_version: 0.15.0
dependencies:
- repo_url: affaan-m/everything-claude-code
  host: github.com
  resolved_commit: 6d130cfcd5d06b42c7eb30be8e109cfa87fde197
  virtual_path: .agents/skills/e2e-testing
  is_virtual: true
  package_type: claude_skill
  deployed_files:
  - .agents/skills/e2e-testing
  content_hash: sha256:4ef9ae7914dc50775b5d146bd0bc33123806214f0f55007edc051880d12b6df1
- repo_url: affaan-m/everything-claude-code
  host: github.com
  resolved_commit: 6d130cfcd5d06b42c7eb30be8e109cfa87fde197
  virtual_path: .agents/skills/frontend-slides
  is_virtual: true
  package_type: claude_skill
  deployed_files:
  - .agents/skills/frontend-slides
  content_hash: sha256:0ca7a9d3bcd02382b0e0c1339a98fbc39c5370d4ed494e7c008643d99d57d777
- repo_url: danielmeppiel/genesis
  host: github.com
  resolved_commit: 7895e70362d2b87510b7e4765b05c4f42a12093c
  virtual_path: skills/genesis
  is_virtual: true
  package_type: claude_skill
  deployed_files:
  - .agents/skills/genesis
  content_hash: sha256:2fd036770146a1f0da12bed3dfc772a825a01fc9a22003cb58cb3f33a1247550
