
Microsoft Visual Studio Solution File, Format Version 12.00
# Visual Studio Version 17
VisualStudioVersion = 17.0.31903.59
MinimumVisualStudioVersion = 10.0.40219.1
Project("{2150E333-8FDC-42A3-9474-1A3956D46DE8}") = "src", "src", "{827E0CD3-B72D-47B6-A68D-7590B98EB39B}"
EndProject
Project("{FAE04EC0-301F-11D3-BF4B-00C04F79EFBC}") = "MonAssurance.Domain", "src\MonAssurance.Domain\MonAssurance.Domain.csproj", "{8F00265A-3E01-4636-9705-C7EDA06A78D5}"
EndProject
Project("{FAE04EC0-301F-11D3-BF4B-00C04F79EFBC}") = "MonAssurance.Application", "src\MonAssurance.Application\MonAssurance.Application.csproj", "{BF1FA2BC-B136-4A5A-9A07-25201C87FF0A}"
EndProject
Project("{FAE04EC0-301F-11D3-BF4B-00C04F79EFBC}") = "MonAssurance.Infrastructure", "src\MonAssurance.Infrastructure\MonAssurance.Infrastructure.csproj", "{D96BEA41-FDAB-4F91-B555-A8A51A8FE6F9}"
EndProject
Project("{FAE04EC0-301F-11D3-BF4B-00C04F79EFBC}") = "MonAssurance.Api", "src\MonAssurance.Api\MonAssurance.Api.csproj", "{4324367F-1D76-4180-B4C9-BD9FAADF58FD}"
EndProject
Project("{2150E333-8FDC-42A3-9474-1A3956D46DE8}") = "tests", "tests", "{0AB3BF05-4346-4AA6-1389-037BE0695223}"
EndProject
Project("{FAE04EC0-301F-11D3-BF4B-00C04F79EFBC}") = "MonAssurance.UnitTests", "tests\MonAssurance.UnitTests\MonAssurance.UnitTests.csproj", "{1689294E-4949-486D-BC1E-4A52E8188804}"
EndProject
Project("{FAE04EC0-301F-11D3-BF4B-00C04F79EFBC}") = "MonAssurance.IntegrationTests", "tests\MonAssurance.IntegrationTests\MonAssurance.IntegrationTests.csproj", "{6AC9FFDF-CC67-40FB-8D05-A7EAF66F55A2}"
EndProject
Project("{FAE04EC0-301F-11D3-BF4B-00C04F79EFBC}") = "MonAssurance.ArchitectureTests", "tests\MonAssurance.ArchitectureTests\MonAssurance.ArchitectureTests.csproj", "{CB3F6E85-0982-4D93-83B1-B09F110F7BD0}"
EndProject
Global
	GlobalSection(SolutionConfigurationPlatforms) = preSolution
		Debug|Any CPU = Debug|Any CPU
		Debug|x64 = Debug|x64
		Debug|x86 = Debug|x86
		Release|Any CPU = Release|Any CPU
		Release|x64 = Release|x64
		Release|x86 = Release|x86
	EndGlobalSection
	GlobalSection(ProjectConfigurationPlatforms) = postSolution
		{8F00265A-3E01-4636-9705-C7EDA06A78D5}.Debug|Any CPU.ActiveCfg = Debug|Any CPU
		{8F00265A-3E01-4636-9705-C7EDA06A78D5}.Debug|Any CPU.Build.0 = Debug|Any CPU
		{8F00265A-3E01-4636-9705-C7EDA06A78D5}.Debug|x64.ActiveCfg = Debug|Any CPU
		{8F00265A-3E01-4636-9705-C7EDA06A78D5}.Debug|x64.Build.0 = Debug|Any CPU
		{8F00265A-3E01-4636-9705-C7EDA06A78D5}.Debug|x86.ActiveCfg = Debug|Any CPU
		{8F00265A-3E01-4636-9705-C7EDA06A78D5}.Debug|x86.Build.0 = Debug|Any CPU
		{8F00265A-3E01-4636-9705-C7EDA06A78D5}.Release|Any CPU.ActiveCfg = Release|Any CPU
		{8F00265A-3E01-4636-9705-C7EDA06A78D5}.Release|Any CPU.Build.0 = Release|Any CPU
		{8F00265A-3E01-4636-9705-C7EDA06A78D5}.Release|x64.ActiveCfg = Release|Any CPU
		{8F00265A-3E01-4636-9705-C7EDA06A78D5}.Release|x64.Build.0 = Release|Any CPU
		{8F00265A-3E01-4636-9705-C7EDA06A78D5}.Release|x86.ActiveCfg = Release|Any CPU
		{8F00265A-3E01-4636-9705-C7EDA06A78D5}.Release|x86.Build.0 = Release|Any CPU
		{BF1FA2BC-B136-4A5A-9A07-25201C87FF0A}.Debug|Any CPU.ActiveCfg = Debug|Any CPU
		{BF1FA2BC-B136-4A5A-9A07-25201C87FF0A}.Debug|Any CPU.Build.0 = Debug|Any CPU
		{BF1FA2BC-B136-4A5A-9A07-25201C87FF0A}.Debug|x64.ActiveCfg = Debug|Any CPU
		{BF1FA2BC-B136-4A5A-9A07-25201C87FF0A}.Debug|x64.Build.0 = Debug|Any CPU
		{BF1FA2BC-B136-4A5A-9A07-25201C87FF0A}.Debug|x86.ActiveCfg = Debug|Any CPU
		{BF1FA2BC-B136-4A5A-9A07-25201C87FF0A}.Debug|x86.Build.0 = Debug|Any CPU
		{BF1FA2BC-B136-4A5A-9A07-25201C87FF0A}.Release|Any CPU.ActiveCfg = Release|Any CPU
		{BF1FA2BC-B136-4A5A-9A07-25201C87FF0A}.Release|Any CPU.Build.0 = Release|Any CPU
		{BF1FA2BC-B136-4A5A-9A07-25201C87FF0A}.Release|x64.ActiveCfg = Release|Any CPU
		{BF1FA2BC-B136-4A5A-9A07-25201C87FF0A}.Release|x64.Build.0 = Release|Any CPU
		{BF1FA2BC-B136-4A5A-9A07-25201C87FF0A}.Release|x86.ActiveCfg = Release|Any CPU
		{BF1FA2BC-B136-4A5A-9A07-25201C87FF0A}.Release|x86.Build.0 = Release|Any CPU
		{D96BEA41-FDAB-4F91-B555-A8A51A8FE6F9}.Debug|Any CPU.ActiveCfg = Debug|Any CPU
		{D96BEA41-FDAB-4F91-B555-A8A51A8FE6F9}.Debug|Any CPU.Build.0 = Debug|Any CPU
		{D96BEA41-FDAB-4F91-B555-A8A51A8FE6F9}.Debug|x64.ActiveCfg = Debug|Any CPU
		{D96BEA41-FDAB-4F91-B555-A8A51A8FE6F9}.Debug|x64.Build.0 = Debug|Any CPU
		{D96BEA41-FDAB-4F91-B555-A8A51A8FE6F9}.Debug|x86.ActiveCfg = Debug|Any CPU
		{D96BEA41-FDAB-4F91-B555-A8A51A8FE6F9}.Debug|x86.Build.0 = Debug|Any CPU
		{D96BEA41-FDAB-4F91-B555-A8A51A8FE6F9}.Release|Any CPU.ActiveCfg = Release|Any CPU
		{D96BEA41-FDAB-4F91-B555-A8A51A8FE6F9}.Release|Any CPU.Build.0 = Release|Any CPU
		{D96BEA41-FDAB-4F91-B555-A8A51A8FE6F9}.Release|x64.ActiveCfg = Release|Any CPU
		{D96BEA41-FDAB-4F91-B555-A8A51A8FE6F9}.Release|x64.Build.0 = Release|Any CPU
		{D96BEA41-FDAB-4F91-B555-A8A51A8FE6F9}.Release|x86.ActiveCfg = Release|Any CPU
		{D96BEA41-FDAB-4F91-B555-A8A51A8FE6F9}.Release|x86.Build.0 = Release|Any CPU
		{4324367F-1D76-4180-B4C9-BD9FAADF58FD}.Debug|Any CPU.ActiveCfg = Debug|Any CPU
		{4324367F-1D76-4180-B4C9-BD9FAADF58FD}.Debug|Any CPU.Build.0 = Debug|Any CPU
		{4324367F-1D76-4180-B4C9-BD9FAADF58FD}.Debug|x64.ActiveCfg = Debug|Any CPU
		{4324367F-1D76-4180-B4C9-BD9FAADF58FD}.Debug|x64.Build.0 = Debug|Any CPU
		{4324367F-1D76-4180-B4C9-BD9FAADF58FD}.Debug|x86.ActiveCfg = Debug|Any CPU
		{4324367F-1D76-4180-B4C9-BD9FAADF58FD}.Debug|x86.Build.0 = Debug|Any CPU
		{4324367F-1D76-4180-B4C9-BD9FAADF58FD}.Release|Any CPU.ActiveCfg = Release|Any CPU
		{4324367F-1D76-4180-B4C9-BD9FAADF58FD}.Release|Any CPU.Build.0 = Release|Any CPU
		{4324367F-1D76-4180-B4C9-BD9FAADF58FD}.Release|x64.ActiveCfg = Release|Any CPU
		{4324367F-1D76-4180-B4C9-BD9FAADF58FD}.Release|x64.Build.0 = Release|Any CPU
		{4324367F-1D76-4180-B4C9-BD9FAADF58FD}.Release|x86.ActiveCfg = Release|Any CPU
		{4324367F-1D76-4180-B4C9-BD9FAADF58FD}.Release|x86.Build.0 = Release|Any CPU
		{1689294E-4949-486D-BC1E-4A52E8188804}.Debug|Any CPU.ActiveCfg = Debug|Any CPU
		{1689294E-4949-486D-BC1E-4A52E8188804}.Debug|Any CPU.Build.0 = Debug|Any CPU
		{1689294E-4949-486D-BC1E-4A52E8188804}.Debug|x64.ActiveCfg = Debug|Any CPU
		{1689294E-4949-486D-BC1E-4A52E8188804}.Debug|x64.Build.0 = Debug|Any CPU
		{1689294E-4949-486D-BC1E-4A52E8188804}.Debug|x86.ActiveCfg = Debug|Any CPU
		{1689294E-4949-486D-BC1E-4A52E8188804}.Debug|x86.Build.0 = Debug|Any CPU
		{1689294E-4949-486D-BC1E-4A52E8188804}.Release|Any CPU.ActiveCfg = Release|Any CPU
		{1689294E-4949-486D-BC1E-4A52E8188804}.Release|Any CPU.Build.0 = Release|Any CPU
		{1689294E-4949-486D-BC1E-4A52E8188804}.Release|x64.ActiveCfg = Release|Any CPU
		{1689294E-4949-486D-BC1E-4A52E8188804}.Release|x64.Build.0 = Release|Any CPU
		{1689294E-4949-486D-BC1E-4A52E8188804}.Release|x86.ActiveCfg = Release|Any CPU
		{1689294E-4949-486D-BC1E-4A52E8188804}.Release|x86.Build.0 = Release|Any CPU
		{6AC9FFDF-CC67-40FB-8D05-A7EAF66F55A2}.Debug|Any CPU.ActiveCfg = Debug|Any CPU
		{6AC9FFDF-CC67-40FB-8D05-A7EAF66F55A2}.Debug|Any CPU.Build.0 = Debug|Any CPU
		{6AC9FFDF-CC67-40FB-8D05-A7EAF66F55A2}.Debug|x64.ActiveCfg = Debug|Any CPU
		{6AC9FFDF-CC67-40FB-8D05-A7EAF66F55A2}.Debug|x64.Build.0 = Debug|Any CPU
		{6AC9FFDF-CC67-40FB-8D05-A7EAF66F55A2}.Debug|x86.ActiveCfg = Debug|Any CPU
		{6AC9FFDF-CC67-40FB-8D05-A7EAF66F55A2}.Debug|x86.Build.0 = Debug|Any CPU
		{6AC9FFDF-CC67-40FB-8D05-A7EAF66F55A2}.Release|Any CPU.ActiveCfg = Release|Any CPU
		{6AC9FFDF-CC67-40FB-8D05-A7EAF66F55A2}.Release|Any CPU.Build.0 = Release|Any CPU
		{6AC9FFDF-CC67-40FB-8D05-A7EAF66F55A2}.Release|x64.ActiveCfg = Release|Any CPU
		{6AC9FFDF-CC67-40FB-8D05-A7EAF66F55A2}.Release|x64.Build.0 = Release|Any CPU
		{6AC9FFDF-CC67-40FB-8D05-A7EAF66F55A2}.Release|x86.ActiveCfg = Release|Any CPU
		{6AC9FFDF-CC67-40FB-8D05-A7EAF66F55A2}.Release|x86.Build.0 = Release|Any CPU
		{CB3F6E85-0982-4D93-83B1-B09F110F7BD0}.Debug|Any CPU.ActiveCfg = Debug|Any CPU
		{CB3F6E85-0982-4D93-83B1-B09F110F7BD0}.Debug|Any CPU.Build.0 = Debug|Any CPU
		{CB3F6E85-0982-4D93-83B1-B09F110F7BD0}.Debug|x64.ActiveCfg = Debug|Any CPU
		{CB3F6E85-0982-4D93-83B1-B09F110F7BD0}.Debug|x64.Build.0 = Debug|Any CPU
		{CB3F6E85-0982-4D93-83B1-B09F110F7BD0}.Debug|x86.ActiveCfg = Debug|Any CPU
		{CB3F6E85-0982-4D93-83B1-B09F110F7BD0}.Debug|x86.Build.0 = Debug|Any CPU
		{CB3F6E85-0982-4D93-83B1-B09F110F7BD0}.Release|Any CPU.ActiveCfg = Release|Any CPU
		{CB3F6E85-0982-4D93-83B1-B09F110F7BD0}.Release|Any CPU.Build.0 = Release|Any CPU
		{CB3F6E85-0982-4D93-83B1-B09F110F7BD0}.Release|x64.ActiveCfg = Release|Any CPU
		{CB3F6E85-0982-4D93-83B1-B09F110F7BD0}.Release|x64.Build.0 = Release|Any CPU
		{CB3F6E85-0982-4D93-83B1-B09F110F7BD0}.Release|x86.ActiveCfg = Release|Any CPU
		{CB3F6E85-0982-4D93-83B1-B09F110F7BD0}.Release|x86.Build.0 = Release|Any CPU
	EndGlobalSection
	GlobalSection(SolutionProperties) = preSolution
		HideSolutionNode = FALSE
	EndGlobalSection
	GlobalSection(NestedProjects) = preSolution
		{8F00265A-3E01-4636-9705-C7EDA06A78D5} = {827E0CD3-B72D-47B6-A68D-7590B98EB39B}
		{BF1FA2BC-B136-4A5A-9A07-25201C87FF0A} = {827E0CD3-B72D-47B6-A68D-7590B98EB39B}
		{D96BEA41-FDAB-4F91-B555-A8A51A8FE6F9} = {827E0CD3-B72D-47B6-A68D-7590B98EB39B}
		{4324367F-1D76-4180-B4C9-BD9FAADF58FD} = {827E0CD3-B72D-47B6-A68D-7590B98EB39B}
		{1689294E-4949-486D-BC1E-4A52E8188804} = {0AB3BF05-4346-4AA6-1389-037BE0695223}
		{6AC9FFDF-CC67-40FB-8D05-A7EAF66F55A2} = {0AB3BF05-4346-4AA6-1389-037BE0695223}
		{CB3F6E85-0982-4D93-83B1-B09F110F7BD0} = {0AB3BF05-4346-4AA6-1389-037BE0695223}
	EndGlobalSection
EndGlobal
